// !$*UTF8*$!
{
	archiveVersion = 1;
	classes = {
	};
	objectVersion = 56;
	objects = {

/* Begin PBXBuildFile section */
		BB0254A228FE949B00AD509E /* playgroundApp.swift in Sources */ = {isa = PBXBuildFile; fileRef = BB0254A128FE949B00AD509E /* playgroundApp.swift */; };
		BB0254A428FE949B00AD509E /* ContentView.swift in Sources */ = {isa = PBXBuildFile; fileRef = BB0254A328FE949B00AD509E /* ContentView.swift */; };
		BB0254A628FE94A300AD509E /* Assets.xcassets in Resources */ = {isa = PBXBuildFile; fileRef = BB0254A528FE94A300AD509E /* Assets.xcassets */; };
		BB0254AA28FE94A400AD509E /* Preview Assets.xcassets in Resources */ = {isa = PBXBuildFile; fileRef = BB0254A928FE94A400AD509E /* Preview Assets.xcassets */; };
		BB0254B428FE94A400AD509E /* playgroundTests.swift in Sources */ = {isa = PBXBuildFile; fileRef = BB0254B328FE94A400AD509E /* playgroundTests.swift */; };
		BB0254BE28FE94A400AD509E /* playgroundUITests.swift in Sources */ = {isa = PBXBuildFile; fileRef = BB0254BD28FE94A400AD509E /* playgroundUITests.swift */; };
		BB0254C028FE94A400AD509E /* playgroundUITestsLaunchTests.swift in Sources */ = {isa = PBXBuildFile; fileRef = BB0254BF28FE94A400AD509E /* playgroundUITestsLaunchTests.swift */; };
		BB0254D128FE960500AD509E /* JsonParserTests.m in Sources */ = {isa = PBXBuildFile; fileRef = BB0254D028FE960500AD509E /* JsonParserTests.m */; };
		BB3860FE2900D5330077F9A3 /* case11-expect-result.json in Resources */ = {isa = PBXBuildFile; fileRef = BB3860FD2900D5330077F9A3 /* case11-expect-result.json */; };
		BB3861002900DC0D0077F9A3 /* case11-input.json in Resources */ = {isa = PBXBuildFile; fileRef = BB3860FF2900DC0D0077F9A3 /* case11-input.json */; };
		BB3861022900E9C50077F9A3 /* case21-input.json in Resources */ = {isa = PBXBuildFile; fileRef = BB3861012900E9C50077F9A3 /* case21-input.json */; };
		BB3861042900E9D80077F9A3 /* case21-expect-result.json in Resources */ = {isa = PBXBuildFile; fileRef = BB3861032900E9D80077F9A3 /* case21-expect-result.json */; };
		BB38610929011E8B0077F9A3 /* twitter.json in Resources */ = {isa = PBXBuildFile; fileRef = BB38610829011E8B0077F9A3 /* twitter.json */; };
		BB38610B29011ECA0077F9A3 /* twitter-4tabspace.json in Resources */ = {isa = PBXBuildFile; fileRef = BB38610A29011ECA0077F9A3 /* twitter-4tabspace.json */; };
		BB38610D290122A50077F9A3 /* case201-string-input.json in Resources */ = {isa = PBXBuildFile; fileRef = BB38610C290122A50077F9A3 /* case201-string-input.json */; };
		BB38610F290123260077F9A3 /* case201-string-expect-result.json in Resources */ = {isa = PBXBuildFile; fileRef = BB38610E290123250077F9A3 /* case201-string-expect-result.json */; };
		BB386112290127C10077F9A3 /* case202-output.json in Resources */ = {isa = PBXBuildFile; fileRef = BB386110290127C10077F9A3 /* case202-output.json */; };
		BB386113290127C10077F9A3 /* case202-input.json in Resources */ = {isa = PBXBuildFile; fileRef = BB386111290127C10077F9A3 /* case202-input.json */; };
		BBD687B928FE980D00DC3998 /* PlayJsonParser.c in Sources */ = {isa = PBXBuildFile; fileRef = BBD687B828FE980D00DC3998 /* PlayJsonParser.c */; };
		BBD687BA28FE980D00DC3998 /* PlayJsonParser.c in Sources */ = {isa = PBXBuildFile; fileRef = BBD687B828FE980D00DC3998 /* PlayJsonParser.c */; };
/* End PBXBuildFile section */

/* Begin PBXContainerItemProxy section */
		BB0254BA28FE94A400AD509E /* PBXContainerItemProxy */ = {
			isa = PBXContainerItemProxy;
			containerPortal = BB02549628FE949B00AD509E /* Project object */;
			proxyType = 1;
			remoteGlobalIDString = BB02549D28FE949B00AD509E;
			remoteInfo = playground;
		};
/* End PBXContainerItemProxy section */

/* Begin PBXFileReference section */
		BB02549E28FE949B00AD509E /* playground.app */ = {isa = PBXFileReference; explicitFileType = wrapper.application; includeInIndex = 0; path = playground.app; sourceTree = BUILT_PRODUCTS_DIR; };
		BB0254A128FE949B00AD509E /* playgroundApp.swift */ = {isa = PBXFileReference; lastKnownFileType = sourcecode.swift; path = playgroundApp.swift; sourceTree = "<group>"; };
		BB0254A328FE949B00AD509E /* ContentView.swift */ = {isa = PBXFileReference; lastKnownFileType = sourcecode.swift; path = ContentView.swift; sourceTree = "<group>"; };
		BB0254A528FE94A300AD509E /* Assets.xcassets */ = {isa = PBXFileReference; lastKnownFileType = folder.assetcatalog; path = Assets.xcassets; sourceTree = "<group>"; };
		BB0254A728FE94A400AD509E /* playground.entitlements */ = {isa = PBXFileReference; lastKnownFileType = text.plist.entitlements; path = playground.entitlements; sourceTree = "<group>"; };
		BB0254A928FE94A400AD509E /* Preview Assets.xcassets */ = {isa = PBXFileReference; lastKnownFileType = folder.assetcatalog; path = "Preview Assets.xcassets"; sourceTree = "<group>"; };
		BB0254AF28FE94A400AD509E /* playgroundTests.xctest */ = {isa = PBXFileReference; explicitFileType = wrapper.cfbundle; includeInIndex = 0; path = playgroundTests.xctest; sourceTree = BUILT_PRODUCTS_DIR; };
		BB0254B328FE94A400AD509E /* playgroundTests.swift */ = {isa = PBXFileReference; lastKnownFileType = sourcecode.swift; path = playgroundTests.swift; sourceTree = "<group>"; };
		BB0254B928FE94A400AD509E /* playgroundUITests.xctest */ = {isa = PBXFileReference; explicitFileType = wrapper.cfbundle; includeInIndex = 0; path = playgroundUITests.xctest; sourceTree = BUILT_PRODUCTS_DIR; };
		BB0254BD28FE94A400AD509E /* playgroundUITests.swift */ = {isa = PBXFileReference; lastKnownFileType = sourcecode.swift; path = playgroundUITests.swift; sourceTree = "<group>"; };
		BB0254BF28FE94A400AD509E /* playgroundUITestsLaunchTests.swift */ = {isa = PBXFileReference; lastKnownFileType = sourcecode.swift; path = playgroundUITestsLaunchTests.swift; sourceTree = "<group>"; };
		BB0254CC28FE955300AD509E /* playgroundTests-Bridging-Header.h */ = {isa = PBXFileReference; lastKnownFileType = sourcecode.c.h; path = "playgroundTests-Bridging-Header.h"; sourceTree = "<group>"; };
		BB0254D028FE960500AD509E /* JsonParserTests.m */ = {isa = PBXFileReference; lastKnownFileType = sourcecode.c.objc; path = JsonParserTests.m; sourceTree = "<group>"; };
		BB3860FD2900D5330077F9A3 /* case11-expect-result.json */ = {isa = PBXFileReference; lastKnownFileType = text.json; path = "case11-expect-result.json"; sourceTree = "<group>"; };
		BB3860FF2900DC0D0077F9A3 /* case11-input.json */ = {isa = PBXFileReference; lastKnownFileType = text.json; path = "case11-input.json"; sourceTree = "<group>"; };
		BB3861012900E9C50077F9A3 /* case21-input.json */ = {isa = PBXFileReference; lastKnownFileType = text.json; path = "case21-input.json"; sourceTree = "<group>"; };
		BB3861032900E9D80077F9A3 /* case21-expect-result.json */ = {isa = PBXFileReference; lastKnownFileType = text.json; path = "case21-expect-result.json"; sourceTree = "<group>"; };
		BB38610829011E8B0077F9A3 /* twitter.json */ = {isa = PBXFileReference; fileEncoding = 4; lastKnownFileType = text.json; path = twitter.json; sourceTree = "<group>"; };
		BB38610A29011ECA0077F9A3 /* twitter-4tabspace.json */ = {isa = PBXFileReference; fileEncoding = 4; lastKnownFileType = text.json; path = "twitter-4tabspace.json"; sourceTree = "<group>"; };
		BB38610C290122A50077F9A3 /* case201-string-input.json */ = {isa = PBXFileReference; lastKnownFileType = text.json; path = "case201-string-input.json"; sourceTree = "<group>"; };
		BB38610E290123250077F9A3 /* case201-string-expect-result.json */ = {isa = PBXFileReference; fileEncoding = 4; lastKnownFileType = text.json; path = "case201-string-expect-result.json"; sourceTree = "<group>"; };
		BB386110290127C10077F9A3 /* case202-output.json */ = {isa = PBXFileReference; fileEncoding = 4; lastKnownFileType = text.json; path = "case202-output.json"; sourceTree = "<group>"; };
		BB386111290127C10077F9A3 /* case202-input.json */ = {isa = PBXFileReference; fileEncoding = 4; lastKnownFileType = text.json; path = "case202-input.json"; sourceTree = "<group>"; };
		BBD687B628FE980D00DC3998 /* playground-Bridging-Header.h */ = {isa = PBXFileReference; lastKnownFileType = sourcecode.c.h; path = "playground-Bridging-Header.h"; sourceTree = "<group>"; };
		BBD687B728FE980D00DC3998 /* PlayJsonParser.h */ = {isa = PBXFileReference; lastKnownFileType = sourcecode.c.h; path = PlayJsonParser.h; sourceTree = "<group>"; };
		BBD687B828FE980D00DC3998 /* PlayJsonParser.c */ = {isa = PBXFileReference; lastKnownFileType = sourcecode.c.c; path = PlayJsonParser.c; sourceTree = "<group>"; };
/* End PBXFileReference section */

/* Begin PBXFrameworksBuildPhase section */
		BB02549B28FE949B00AD509E /* Frameworks */ = {
			isa = PBXFrameworksBuildPhase;
			buildActionMask = 2147483647;
			files = (
			);
			runOnlyForDeploymentPostprocessing = 0;
		};
		BB0254AC28FE94A400AD509E /* Frameworks */ = {
			isa = PBXFrameworksBuildPhase;
			buildActionMask = 2147483647;
			files = (
			);
			runOnlyForDeploymentPostprocessing = 0;
		};
		BB0254B628FE94A400AD509E /* Frameworks */ = {
			isa = PBXFrameworksBuildPhase;
			buildActionMask = 2147483647;
			files = (
			);
			runOnlyForDeploymentPostprocessing = 0;
		};
/* End PBXFrameworksBuildPhase section */

/* Begin PBXGroup section */
		BB02549528FE949B00AD509E = {
			isa = PBXGroup;
			children = (
				BB0254A028FE949B00AD509E /* playground */,
				BB0254B228FE94A400AD509E /* playgroundTests */,
				BB0254BC28FE94A400AD509E /* playgroundUITests */,
				BB02549F28FE949B00AD509E /* Products */,
			);
			sourceTree = "<group>";
		};
		BB02549F28FE949B00AD509E /* Products */ = {
			isa = PBXGroup;
			children = (
				BB02549E28FE949B00AD509E /* playground.app */,
				BB0254AF28FE94A400AD509E /* playgroundTests.xctest */,
				BB0254B928FE94A400AD509E /* playgroundUITests.xctest */,
			);
			name = Products;
			sourceTree = "<group>";
		};
		BB0254A028FE949B00AD509E /* playground */ = {
			isa = PBXGroup;
			children = (
				BB0254CF28FE95D600AD509E /* C */,
				BB0254A128FE949B00AD509E /* playgroundApp.swift */,
				BB0254A328FE949B00AD509E /* ContentView.swift */,
				BB0254A528FE94A300AD509E /* Assets.xcassets */,
				BB0254A728FE94A400AD509E /* playground.entitlements */,
				BB0254A828FE94A400AD509E /* Preview Content */,
			);
			path = playground;
			sourceTree = "<group>";
		};
		BB0254A828FE94A400AD509E /* Preview Content */ = {
			isa = PBXGroup;
			children = (
				BB0254A928FE94A400AD509E /* Preview Assets.xcassets */,
			);
			path = "Preview Content";
			sourceTree = "<group>";
		};
		BB0254B228FE94A400AD509E /* playgroundTests */ = {
			isa = PBXGroup;
			children = (
				BB3860FC2900D4250077F9A3 /* json */,
				BB0254B328FE94A400AD509E /* playgroundTests.swift */,
				BB0254CC28FE955300AD509E /* playgroundTests-Bridging-Header.h */,
				BB0254D028FE960500AD509E /* JsonParserTests.m */,
			);
			path = playgroundTests;
			sourceTree = "<group>";
		};
		BB0254BC28FE94A400AD509E /* playgroundUITests */ = {
			isa = PBXGroup;
			children = (
				BB0254BD28FE94A400AD509E /* playgroundUITests.swift */,
				BB0254BF28FE94A400AD509E /* playgroundUITestsLaunchTests.swift */,
			);
			path = playgroundUITests;
			sourceTree = "<group>";
		};
		BB0254CF28FE95D600AD509E /* C */ = {
			isa = PBXGroup;
			children = (
				BBD687B728FE980D00DC3998 /* PlayJsonParser.h */,
				BBD687B828FE980D00DC3998 /* PlayJsonParser.c */,
				BBD687B628FE980D00DC3998 /* playground-Bridging-Header.h */,
			);
			path = C;
			sourceTree = "<group>";
		};
		BB3860FC2900D4250077F9A3 /* json */ = {
			isa = PBXGroup;
			children = (
				BB3860FD2900D5330077F9A3 /* case11-expect-result.json */,
				BB3860FF2900DC0D0077F9A3 /* case11-input.json */,
				BB3861032900E9D80077F9A3 /* case21-expect-result.json */,
				BB3861012900E9C50077F9A3 /* case21-input.json */,
				BB38610E290123250077F9A3 /* case201-string-expect-result.json */,
				BB38610C290122A50077F9A3 /* case201-string-input.json */,
				BB386111290127C10077F9A3 /* case202-input.json */,
				BB386110290127C10077F9A3 /* case202-output.json */,
				BB38610A29011ECA0077F9A3 /* twitter-4tabspace.json */,
				BB38610829011E8B0077F9A3 /* twitter.json */,
			);
			path = json;
			sourceTree = "<group>";
		};
/* End PBXGroup section */

/* Begin PBXNativeTarget section */
		BB02549D28FE949B00AD509E /* playground */ = {
			isa = PBXNativeTarget;
			buildConfigurationList = BB0254C328FE94A400AD509E /* Build configuration list for PBXNativeTarget "playground" */;
			buildPhases = (
				BB02549A28FE949B00AD509E /* Sources */,
				BB02549B28FE949B00AD509E /* Frameworks */,
				BB02549C28FE949B00AD509E /* Resources */,
			);
			buildRules = (
			);
			dependencies = (
			);
			name = playground;
			productName = playground;
			productReference = BB02549E28FE949B00AD509E /* playground.app */;
			productType = "com.apple.product-type.application";
		};
		BB0254AE28FE94A400AD509E /* playgroundTests */ = {
			isa = PBXNativeTarget;
			buildConfigurationList = BB0254C628FE94A400AD509E /* Build configuration list for PBXNativeTarget "playgroundTests" */;
			buildPhases = (
				BB0254AB28FE94A400AD509E /* Sources */,
				BB0254AC28FE94A400AD509E /* Frameworks */,
				BB0254AD28FE94A400AD509E /* Resources */,
			);
			buildRules = (
			);
			dependencies = (
			);
			name = playgroundTests;
			productName = playgroundTests;
			productReference = BB0254AF28FE94A400AD509E /* playgroundTests.xctest */;
			productType = "com.apple.product-type.bundle.unit-test";
		};
		BB0254B828FE94A400AD509E /* playgroundUITests */ = {
			isa = PBXNativeTarget;
			buildConfigurationList = BB0254C928FE94A400AD509E /* Build configuration list for PBXNativeTarget "playgroundUITests" */;
			buildPhases = (
				BB0254B528FE94A400AD509E /* Sources */,
				BB0254B628FE94A400AD509E /* Frameworks */,
				BB0254B728FE94A400AD509E /* Resources */,
			);
			buildRules = (
			);
			dependencies = (
				BB0254BB28FE94A400AD509E /* PBXTargetDependency */,
			);
			name = playgroundUITests;
			productName = playgroundUITests;
			productReference = BB0254B928FE94A400AD509E /* playgroundUITests.xctest */;
			productType = "com.apple.product-type.bundle.ui-testing";
		};
/* End PBXNativeTarget section */

/* Begin PBXProject section */
		BB02549628FE949B00AD509E /* Project object */ = {
			isa = PBXProject;
			attributes = {
				BuildIndependentTargetsInParallel = 1;
				LastSwiftUpdateCheck = 1400;
				LastUpgradeCheck = 1400;
				TargetAttributes = {
					BB02549D28FE949B00AD509E = {
						CreatedOnToolsVersion = 14.0.1;
						LastSwiftMigration = 1400;
					};
					BB0254AE28FE94A400AD509E = {
						CreatedOnToolsVersion = 14.0.1;
						LastSwiftMigration = 1400;
					};
					BB0254B828FE94A400AD509E = {
						CreatedOnToolsVersion = 14.0.1;
						TestTargetID = BB02549D28FE949B00AD509E;
					};
				};
			};
			buildConfigurationList = BB02549928FE949B00AD509E /* Build configuration list for PBXProject "playground" */;
			compatibilityVersion = "Xcode 14.0";
			developmentRegion = en;
			hasScannedForEncodings = 0;
			knownRegions = (
				en,
				Base,
			);
			mainGroup = BB02549528FE949B00AD509E;
			productRefGroup = BB02549F28FE949B00AD509E /* Products */;
			projectDirPath = "";
			projectRoot = "";
			targets = (
				BB02549D28FE949B00AD509E /* playground */,
				BB0254AE28FE94A400AD509E /* playgroundTests */,
				BB0254B828FE94A400AD509E /* playgroundUITests */,
			);
		};
/* End PBXProject section */

/* Begin PBXResourcesBuildPhase section */
		BB02549C28FE949B00AD509E /* Resources */ = {
			isa = PBXResourcesBuildPhase;
			buildActionMask = 2147483647;
			files = (
				BB0254AA28FE94A400AD509E /* Preview Assets.xcassets in Resources */,
				BB0254A628FE94A300AD509E /* Assets.xcassets in Resources */,
			);
			runOnlyForDeploymentPostprocessing = 0;
		};
		BB0254AD28FE94A400AD509E /* Resources */ = {
			isa = PBXResourcesBuildPhase;
			buildActionMask = 2147483647;
			files = (
				BB38610D290122A50077F9A3 /* case201-string-input.json in Resources */,
				BB386113290127C10077F9A3 /* case202-input.json in Resources */,
				BB38610929011E8B0077F9A3 /* twitter.json in Resources */,
				BB38610F290123260077F9A3 /* case201-string-expect-result.json in Resources */,
				BB38610B29011ECA0077F9A3 /* twitter-4tabspace.json in Resources */,
				BB386112290127C10077F9A3 /* case202-output.json in Resources */,
				BB3861022900E9C50077F9A3 /* case21-input.json in Resources */,
				BB3861042900E9D80077F9A3 /* case21-expect-result.json in Resources */,
				BB3861002900DC0D0077F9A3 /* case11-input.json in Resources */,
				BB3860FE2900D5330077F9A3 /* case11-expect-result.json in Resources */,
			);
			runOnlyForDeploymentPostprocessing = 0;
		};
		BB0254B728FE94A400AD509E /* Resources */ = {
			isa = PBXResourcesBuildPhase;
			buildActionMask = 2147483647;
			files = (
			);
			runOnlyForDeploymentPostprocessing = 0;
		};
/* End PBXResourcesBuildPhase section */

/* Begin PBXSourcesBuildPhase section */
		BB02549A28FE949B00AD509E /* Sources */ = {
			isa = PBXSourcesBuildPhase;
			buildActionMask = 2147483647;
			files = (
				BB0254A428FE949B00AD509E /* ContentView.swift in Sources */,
				BB0254A228FE949B00AD509E /* playgroundApp.swift in Sources */,
				BBD687B928FE980D00DC3998 /* PlayJsonParser.c in Sources */,
			);
			runOnlyForDeploymentPostprocessing = 0;
		};
		BB0254AB28FE94A400AD509E /* Sources */ = {
			isa = PBXSourcesBuildPhase;
			buildActionMask = 2147483647;
			files = (
				BB0254D128FE960500AD509E /* JsonParserTests.m in Sources */,
				BB0254B428FE94A400AD509E /* playgroundTests.swift in Sources */,
				BBD687BA28FE980D00DC3998 /* PlayJsonParser.c in Sources */,
			);
			runOnlyForDeploymentPostprocessing = 0;
		};
		BB0254B528FE94A400AD509E /* Sources */ = {
			isa = PBXSourcesBuildPhase;
			buildActionMask = 2147483647;
			files = (
				BB0254BE28FE94A400AD509E /* playgroundUITests.swift in Sources */,
				BB0254C028FE94A400AD509E /* playgroundUITestsLaunchTests.swift in Sources */,
			);
			runOnlyForDeploymentPostprocessing = 0;
		};
/* End PBXSourcesBuildPhase section */

/* Begin PBXTargetDependency section */
		BB0254BB28FE94A400AD509E /* PBXTargetDependency */ = {
			isa = PBXTargetDependency;
			target = BB02549D28FE949B00AD509E /* playground */;
			targetProxy = BB0254BA28FE94A400AD509E /* PBXContainerItemProxy */;
		};
/* End PBXTargetDependency section */

/* Begin XCBuildConfiguration section */
		BB0254C128FE94A400AD509E /* Debug */ = {
			isa = XCBuildConfiguration;
			buildSettings = {
				ALWAYS_SEARCH_USER_PATHS = NO;
				CLANG_ANALYZER_NONNULL = YES;
				CLANG_ANALYZER_NUMBER_OBJECT_CONVERSION = YES_AGGRESSIVE;
				CLANG_CXX_LANGUAGE_STANDARD = "gnu++20";
				CLANG_ENABLE_MODULES = YES;
				CLANG_ENABLE_OBJC_ARC = YES;
				CLANG_ENABLE_OBJC_WEAK = YES;
				CLANG_WARN_BLOCK_CAPTURE_AUTORELEASING = YES;
				CLANG_WARN_BOOL_CONVERSION = YES;
				CLANG_WARN_COMMA = YES;
				CLANG_WARN_CONSTANT_CONVERSION = YES;
				CLANG_WARN_DEPRECATED_OBJC_IMPLEMENTATIONS = YES;
				CLANG_WARN_DIRECT_OBJC_ISA_USAGE = YES_ERROR;
				CLANG_WARN_DOCUMENTATION_COMMENTS = YES;
				CLANG_WARN_EMPTY_BODY = YES;
				CLANG_WARN_ENUM_CONVERSION = YES;
				CLANG_WARN_INFINITE_RECURSION = YES;
				CLANG_WARN_INT_CONVERSION = YES;
				CLANG_WARN_NON_LITERAL_NULL_CONVERSION = YES;
				CLANG_WARN_OBJC_IMPLICIT_RETAIN_SELF = YES;
				CLANG_WARN_OBJC_LITERAL_CONVERSION = YES;
				CLANG_WARN_OBJC_ROOT_CLASS = YES_ERROR;
				CLANG_WARN_QUOTED_INCLUDE_IN_FRAMEWORK_HEADER = YES;
				CLANG_WARN_RANGE_LOOP_ANALYSIS = YES;
				CLANG_WARN_STRICT_PROTOTYPES = YES;
				CLANG_WARN_SUSPICIOUS_MOVE = YES;
				CLANG_WARN_UNGUARDED_AVAILABILITY = YES_AGGRESSIVE;
				CLANG_WARN_UNREACHABLE_CODE = YES;
				CLANG_WARN__DUPLICATE_METHOD_MATCH = YES;
				COPY_PHASE_STRIP = NO;
				DEBUG_INFORMATION_FORMAT = dwarf;
				ENABLE_STRICT_OBJC_MSGSEND = YES;
				ENABLE_TESTABILITY = YES;
				GCC_C_LANGUAGE_STANDARD = gnu11;
				GCC_DYNAMIC_NO_PIC = NO;
				GCC_NO_COMMON_BLOCKS = YES;
				GCC_OPTIMIZATION_LEVEL = 0;
				GCC_PREPROCESSOR_DEFINITIONS = (
					"DEBUG=1",
					"$(inherited)",
				);
				GCC_WARN_64_TO_32_BIT_CONVERSION = YES;
				GCC_WARN_ABOUT_RETURN_TYPE = YES_ERROR;
				GCC_WARN_UNDECLARED_SELECTOR = YES;
				GCC_WARN_UNINITIALIZED_AUTOS = YES_AGGRESSIVE;
				GCC_WARN_UNUSED_FUNCTION = YES;
				GCC_WARN_UNUSED_VARIABLE = YES;
				MTL_ENABLE_DEBUG_INFO = INCLUDE_SOURCE;
				MTL_FAST_MATH = YES;
				ONLY_ACTIVE_ARCH = YES;
				SWIFT_ACTIVE_COMPILATION_CONDITIONS = DEBUG;
				SWIFT_OPTIMIZATION_LEVEL = "-Onone";
			};
			name = Debug;
		};
		BB0254C228FE94A400AD509E /* Release */ = {
			isa = XCBuildConfiguration;
			buildSettings = {
				ALWAYS_SEARCH_USER_PATHS = NO;
				CLANG_ANALYZER_NONNULL = YES;
				CLANG_ANALYZER_NUMBER_OBJECT_CONVERSION = YES_AGGRESSIVE;
				CLANG_CXX_LANGUAGE_STANDARD = "gnu++20";
				CLANG_ENABLE_MODULES = YES;
				CLANG_ENABLE_OBJC_ARC = YES;
				CLANG_ENABLE_OBJC_WEAK = YES;
				CLANG_WARN_BLOCK_CAPTURE_AUTORELEASING = YES;
				CLANG_WARN_BOOL_CONVERSION = YES;
				CLANG_WARN_COMMA = YES;
				CLANG_WARN_CONSTANT_CONVERSION = YES;
				CLANG_WARN_DEPRECATED_OBJC_IMPLEMENTATIONS = YES;
				CLANG_WARN_DIRECT_OBJC_ISA_USAGE = YES_ERROR;
				CLANG_WARN_DOCUMENTATION_COMMENTS = YES;
				CLANG_WARN_EMPTY_BODY = YES;
				CLANG_WARN_ENUM_CONVERSION = YES;
				CLANG_WARN_INFINITE_RECURSION = YES;
				CLANG_WARN_INT_CONVERSION = YES;
				CLANG_WARN_NON_LITERAL_NULL_CONVERSION = YES;
				CLANG_WARN_OBJC_IMPLICIT_RETAIN_SELF = YES;
				CLANG_WARN_OBJC_LITERAL_CONVERSION = YES;
				CLANG_WARN_OBJC_ROOT_CLASS = YES_ERROR;
				CLANG_WARN_QUOTED_INCLUDE_IN_FRAMEWORK_HEADER = YES;
				CLANG_WARN_RANGE_LOOP_ANALYSIS = YES;
				CLANG_WARN_STRICT_PROTOTYPES = YES;
				CLANG_WARN_SUSPICIOUS_MOVE = YES;
				CLANG_WARN_UNGUARDED_AVAILABILITY = YES_AGGRESSIVE;
				CLANG_WARN_UNREACHABLE_CODE = YES;
				CLANG_WARN__DUPLICATE_METHOD_MATCH = YES;
				COPY_PHASE_STRIP = NO;
				DEBUG_INFORMATION_FORMAT = "dwarf-with-dsym";
				ENABLE_NS_ASSERTIONS = NO;
				ENABLE_STRICT_OBJC_MSGSEND = YES;
				GCC_C_LANGUAGE_STANDARD = gnu11;
				GCC_NO_COMMON_BLOCKS = YES;
				GCC_WARN_64_TO_32_BIT_CONVERSION = YES;
				GCC_WARN_ABOUT_RETURN_TYPE = YES_ERROR;
				GCC_WARN_UNDECLARED_SELECTOR = YES;
				GCC_WARN_UNINITIALIZED_AUTOS = YES_AGGRESSIVE;
				GCC_WARN_UNUSED_FUNCTION = YES;
				GCC_WARN_UNUSED_VARIABLE = YES;
				MTL_ENABLE_DEBUG_INFO = NO;
				MTL_FAST_MATH = YES;
				SWIFT_COMPILATION_MODE = wholemodule;
				SWIFT_OPTIMIZATION_LEVEL = "-O";
			};
			name = Release;
		};
		BB0254C428FE94A400AD509E /* Debug */ = {
			isa = XCBuildConfiguration;
			buildSettings = {
				ASSETCATALOG_COMPILER_APPICON_NAME = AppIcon;
				ASSETCATALOG_COMPILER_GLOBAL_ACCENT_COLOR_NAME = AccentColor;
				CLANG_ENABLE_MODULES = YES;
				CODE_SIGN_ENTITLEMENTS = playground/playground.entitlements;
				CODE_SIGN_STYLE = Automatic;
				CURRENT_PROJECT_VERSION = 1;
				DEVELOPMENT_ASSET_PATHS = "\"playground/Preview Content\"";
				ENABLE_PREVIEWS = YES;
				GENERATE_INFOPLIST_FILE = YES;
				"INFOPLIST_KEY_UIApplicationSceneManifest_Generation[sdk=iphoneos*]" = YES;
				"INFOPLIST_KEY_UIApplicationSceneManifest_Generation[sdk=iphonesimulator*]" = YES;
				"INFOPLIST_KEY_UIApplicationSupportsIndirectInputEvents[sdk=iphoneos*]" = YES;
				"INFOPLIST_KEY_UIApplicationSupportsIndirectInputEvents[sdk=iphonesimulator*]" = YES;
				"INFOPLIST_KEY_UILaunchScreen_Generation[sdk=iphoneos*]" = YES;
				"INFOPLIST_KEY_UILaunchScreen_Generation[sdk=iphonesimulator*]" = YES;
				"INFOPLIST_KEY_UIStatusBarStyle[sdk=iphoneos*]" = UIStatusBarStyleDefault;
				"INFOPLIST_KEY_UIStatusBarStyle[sdk=iphonesimulator*]" = UIStatusBarStyleDefault;
				INFOPLIST_KEY_UISupportedInterfaceOrientations_iPad = "UIInterfaceOrientationPortrait UIInterfaceOrientationPortraitUpsideDown UIInterfaceOrientationLandscapeLeft UIInterfaceOrientationLandscapeRight";
				INFOPLIST_KEY_UISupportedInterfaceOrientations_iPhone = "UIInterfaceOrientationPortrait UIInterfaceOrientationLandscapeLeft UIInterfaceOrientationLandscapeRight";
				IPHONEOS_DEPLOYMENT_TARGET = 16.0;
				LD_RUNPATH_SEARCH_PATHS = "@executable_path/Frameworks";
				"LD_RUNPATH_SEARCH_PATHS[sdk=macosx*]" = "@executable_path/../Frameworks";
				MACOSX_DEPLOYMENT_TARGET = 12.3;
				MARKETING_VERSION = 1.0;
				PRODUCT_BUNDLE_IDENTIFIER = com.gaimanjing.playground;
				PRODUCT_NAME = "$(TARGET_NAME)";
				SDKROOT = auto;
				SUPPORTED_PLATFORMS = "iphoneos iphonesimulator macosx";
				SWIFT_EMIT_LOC_STRINGS = YES;
				SWIFT_OBJC_BRIDGING_HEADER = "playground/C/playground-Bridging-Header.h";
				SWIFT_OPTIMIZATION_LEVEL = "-Onone";
				SWIFT_VERSION = 5.0;
				TARGETED_DEVICE_FAMILY = "1,2";
			};
			name = Debug;
		};
		BB0254C528FE94A400AD509E /* Release */ = {
			isa = XCBuildConfiguration;
			buildSettings = {
				ASSETCATALOG_COMPILER_APPICON_NAME = AppIcon;
				ASSETCATALOG_COMPILER_GLOBAL_ACCENT_COLOR_NAME = AccentColor;
				CLANG_ENABLE_MODULES = YES;
				CODE_SIGN_ENTITLEMENTS = playground/playground.entitlements;
				CODE_SIGN_STYLE = Automatic;
				CURRENT_PROJECT_VERSION = 1;
				DEVELOPMENT_ASSET_PATHS = "\"playground/Preview Content\"";
				ENABLE_PREVIEWS = YES;
				GENERATE_INFOPLIST_FILE = YES;
				"INFOPLIST_KEY_UIApplicationSceneManifest_Generation[sdk=iphoneos*]" = YES;
				"INFOPLIST_KEY_UIApplicationSceneManifest_Generation[sdk=iphonesimulator*]" = YES;
				"INFOPLIST_KEY_UIApplicationSupportsIndirectInputEvents[sdk=iphoneos*]" = YES;
				"INFOPLIST_KEY_UIApplicationSupportsIndirectInputEvents[sdk=iphonesimulator*]" = YES;
				"INFOPLIST_KEY_UILaunchScreen_Generation[sdk=iphoneos*]" = YES;
				"INFOPLIST_KEY_UILaunchScreen_Generation[sdk=iphonesimulator*]" = YES;
				"INFOPLIST_KEY_UIStatusBarStyle[sdk=iphoneos*]" = UIStatusBarStyleDefault;
				"INFOPLIST_KEY_UIStatusBarStyle[sdk=iphonesimulator*]" = UIStatusBarStyleDefault;
				INFOPLIST_KEY_UISupportedInterfaceOrientations_iPad = "UIInterfaceOrientationPortrait UIInterfaceOrientationPortraitUpsideDown UIInterfaceOrientationLandscapeLeft UIInterfaceOrientationLandscapeRight";
				INFOPLIST_KEY_UISupportedInterfaceOrientations_iPhone = "UIInterfaceOrientationPortrait UIInterfaceOrientationLandscapeLeft UIInterfaceOrientationLandscapeRight";
				IPHONEOS_DEPLOYMENT_TARGET = 16.0;
				LD_RUNPATH_SEARCH_PATHS = "@executable_path/Frameworks";
				"LD_RUNPATH_SEARCH_PATHS[sdk=macosx*]" = "@executable_path/../Frameworks";
				MACOSX_DEPLOYMENT_TARGET = 12.3;
				MARKETING_VERSION = 1.0;
				PRODUCT_BUNDLE_IDENTIFIER = com.gaimanjing.playground;
				PRODUCT_NAME = "$(TARGET_NAME)";
				SDKROOT = auto;
				SUPPORTED_PLATFORMS = "iphoneos iphonesimulator macosx";
				SWIFT_EMIT_LOC_STRINGS = YES;
				SWIFT_OBJC_BRIDGING_HEADER = "playground/C/playground-Bridging-Header.h";
				SWIFT_VERSION = 5.0;
				TARGETED_DEVICE_FAMILY = "1,2";
			};
			name = Release;
		};
		BB0254C728FE94A400AD509E /* Debug */ = {
			isa = XCBuildConfiguration;
			buildSettings = {
				ALWAYS_EMBED_SWIFT_STANDARD_LIBRARIES = YES;
				CLANG_ENABLE_MODULES = YES;
				CODE_SIGN_STYLE = Automatic;
				CURRENT_PROJECT_VERSION = 1;
				GENERATE_INFOPLIST_FILE = YES;
				IPHONEOS_DEPLOYMENT_TARGET = 16.0;
				LD_RUNPATH_SEARCH_PATHS = (
					"$(inherited)",
					"@executable_path/Frameworks",
					"@loader_path/Frameworks",
				);
				MACOSX_DEPLOYMENT_TARGET = 12.3;
				MARKETING_VERSION = 1.0;
				PRODUCT_BUNDLE_IDENTIFIER = com.gaimanjing.playgroundTests;
				PRODUCT_NAME = "$(TARGET_NAME)";
				SDKROOT = auto;
				SUPPORTED_PLATFORMS = "iphoneos iphonesimulator macosx";
				SWIFT_EMIT_LOC_STRINGS = NO;
				SWIFT_OBJC_BRIDGING_HEADER = "playgroundTests/playgroundTests-Bridging-Header.h";
				SWIFT_OPTIMIZATION_LEVEL = "-Onone";
				SWIFT_VERSION = 5.0;
				TARGETED_DEVICE_FAMILY = "1,2";
			};
			name = Debug;
		};
		BB0254C828FE94A400AD509E /* Release */ = {
			isa = XCBuildConfiguration;
			buildSettings = {
				ALWAYS_EMBED_SWIFT_STANDARD_LIBRARIES = YES;
				CLANG_ENABLE_MODULES = YES;
				CODE_SIGN_STYLE = Automatic;
				CURRENT_PROJECT_VERSION = 1;
				GENERATE_INFOPLIST_FILE = YES;
				IPHONEOS_DEPLOYMENT_TARGET = 16.0;
				LD_RUNPATH_SEARCH_PATHS = (
					"$(inherited)",
					"@executable_path/Frameworks",
					"@loader_path/Frameworks",
				);
				MACOSX_DEPLOYMENT_TARGET = 12.3;
				MARKETING_VERSION = 1.0;
				PRODUCT_BUNDLE_IDENTIFIER = com.gaimanjing.playgroundTests;
				PRODUCT_NAME = "$(TARGET_NAME)";
				SDKROOT = auto;
				SUPPORTED_PLATFORMS = "iphoneos iphonesimulator macosx";
				SWIFT_EMIT_LOC_STRINGS = NO;
				SWIFT_OBJC_BRIDGING_HEADER = "playgroundTests/playgroundTests-Bridging-Header.h";
				SWIFT_VERSION = 5.0;
				TARGETED_DEVICE_FAMILY = "1,2";
			};
			name = Release;
		};
		BB0254CA28FE94A400AD509E /* Debug */ = {
			isa = XCBuildConfiguration;
			buildSettings = {
				ALWAYS_EMBED_SWIFT_STANDARD_LIBRARIES = YES;
				CODE_SIGN_STYLE = Automatic;
				CURRENT_PROJECT_VERSION = 1;
				GENERATE_INFOPLIST_FILE = YES;
				IPHONEOS_DEPLOYMENT_TARGET = 16.0;
				MACOSX_DEPLOYMENT_TARGET = 12.3;
				MARKETING_VERSION = 1.0;
				PRODUCT_BUNDLE_IDENTIFIER = com.gaimanjing.playgroundUITests;
				PRODUCT_NAME = "$(TARGET_NAME)";
				SDKROOT = auto;
				SUPPORTED_PLATFORMS = "iphoneos iphonesimulator macosx";
				SWIFT_EMIT_LOC_STRINGS = NO;
				SWIFT_VERSION = 5.0;
				TARGETED_DEVICE_FAMILY = "1,2";
				TEST_TARGET_NAME = playground;
			};
			name = Debug;
		};
		BB0254CB28FE94A400AD509E /* Release */ = {
			isa = XCBuildConfiguration;
			buildSettings = {
				ALWAYS_EMBED_SWIFT_STANDARD_LIBRARIES = YES;
				CODE_SIGN_STYLE = Automatic;
				CURRENT_PROJECT_VERSION = 1;
				GENERATE_INFOPLIST_FILE = YES;
				IPHONEOS_DEPLOYMENT_TARGET = 16.0;
				MACOSX_DEPLOYMENT_TARGET = 12.3;
				MARKETING_VERSION = 1.0;
				PRODUCT_BUNDLE_IDENTIFIER = com.gaimanjing.playgroundUITests;
				PRODUCT_NAME = "$(TARGET_NAME)";
				SDKROOT = auto;
				SUPPORTED_PLATFORMS = "iphoneos iphonesimulator macosx";
				SWIFT_EMIT_LOC_STRINGS = NO;
				SWIFT_VERSION = 5.0;
				TARGETED_DEVICE_FAMILY = "1,2";
				TEST_TARGET_NAME = playground;
			};
			name = Release;
		};
/* End XCBuildConfiguration section */

/* Begin XCConfigurationList section */
		BB02549928FE949B00AD509E /* Build configuration list for PBXProject "playground" */ = {
			isa = XCConfigurationList;
			buildConfigurations = (
				BB0254C128FE94A400AD509E /* Debug */,
				BB0254C228FE94A400AD509E /* Release */,
			);
			defaultConfigurationIsVisible = 0;
			defaultConfigurationName = Release;
		};
		BB0254C328FE94A400AD509E /* Build configuration list for PBXNativeTarget "playground" */ = {
			isa = XCConfigurationList;
			buildConfigurations = (
				BB0254C428FE94A400AD509E /* Debug */,
				BB0254C528FE94A400AD509E /* Release */,
			);
			defaultConfigurationIsVisible = 0;
			defaultConfigurationName = Release;
		};
		BB0254C628FE94A400AD509E /* Build configuration list for PBXNativeTarget "playgroundTests" */ = {
			isa = XCConfigurationList;
			buildConfigurations = (
				BB0254C728FE94A400AD509E /* Debug */,
				BB0254C828FE94A400AD509E /* Release */,
			);
			defaultConfigurationIsVisible = 0;
			defaultConfigurationName = Release;
		};
		BB0254C928FE94A400AD509E /* Build configuration list for PBXNativeTarget "playgroundUITests" */ = {
			isa = XCConfigurationList;
			buildConfigurations = (
				BB0254CA28FE94A400AD509E /* Debug */,
				BB0254CB28FE94A400AD509E /* Release */,
			);
			defaultConfigurationIsVisible = 0;
			defaultConfigurationName = Release;
		};
/* End XCConfigurationList section */
	};
	rootObject = BB02549628FE949B00AD509E /* Project object */;
}
